PODS:
  - FBSnapshotTestCase (2.1.4):
    - FBSnapshotTestCase/SwiftSupport (= 2.1.4)
  - FBSnapshotTestCase/Core (2.1.4)
  - FBSnapshotTestCase/SwiftSupport (2.1.4):
    - FBSnapshotTestCase/Core
  - xwPod (0.1.0)

DEPENDENCIES:
  - FBSnapshotTestCase
  - xwPod (from `../`)

SPEC REPOS:
  https://github.com/cocoapods/specs.git:
    - FBSnapshotTestCase

EXTERNAL SOURCES:
  xwPod:
    :path: "../"

SPEC CHECKSUMS:
  FBSnapshotTestCase: 094f9f314decbabe373b87cc339bea235a63e07a
  xwPod: 9e06d6b7b852feeadf83493f8db8795e72b1d3b8

PODFILE CHECKSUM: 31bf5a4688a2c6480a4b77b57a7baf17a530dc4f

COCOAPODS: 1.5.3
